{
  "name": "act",
  "lockfileVersion": 2,
  "requires": true,
  "packages": {
    "": {
      "workspaces": [
        "library",
        "reconciler",
        "renderers/dom",
        "renderers/three",
        "examples/edge",
        "examples/web",
        "examples/slides"
      ]
    },
    "examples/edge": {
      "dependencies": {
        "@lukekaalim/act": "*",
        "@lukekaalim/act-html": "*"
      },
      "devDependencies": {
        "esbuild": "^0.11.20"
      }
    },
    "examples/slides": {
      "version": "1.0.0",
      "license": "ISC",
      "dependencies": {
        "@lukekaalim/act": "*",
        "@lukekaalim/act-html": "*"
      },
      "devDependencies": {
        "esbuild": "^0.11.20"
      }
    },
    "examples/web": {
      "dependencies": {
        "@lukekaalim/act": "*",
        "@lukekaalim/act-html": "*"
      },
      "devDependencies": {
        "esbuild": "^0.11.20"
      }
    },
    "library": {
      "name": "@lukekaalim/act",
      "version": "1.1.0",
      "license": "MIT"
    },
    "node_modules/@lukekaalim/act": {
      "resolved": "library",
      "link": true
    },
    "node_modules/@lukekaalim/act-dom": {
      "resolved": "renderers/dom",
      "link": true
    },
    "node_modules/@lukekaalim/act-html": {
      "resolved": "renderers/html",
      "link": true
    },
    "node_modules/@lukekaalim/act-reconciler": {
      "resolved": "reconciler",
      "link": true
    },
    "node_modules/edge": {
      "resolved": "examples/edge",
      "link": true
    },
    "node_modules/esbuild": {
      "version": "0.11.20",
      "dev": true,
      "hasInstallScript": true,
      "license": "MIT",
      "bin": {
        "esbuild": "bin/esbuild"
      }
    },
    "node_modules/slides": {
      "resolved": "examples/slides",
      "link": true
    },
    "node_modules/web": {
      "resolved": "examples/web",
      "link": true
    },
    "reconciler": {
      "name": "@lukekaalim/act-reconciler",
      "version": "1.0.0",
      "license": "MIT",
      "devDependencies": {
        "@lukekaalim/act": "^1.0.0"
      },
      "peerDependencies": {
        "@lukekaalim/act": "^1.0.0"
      }
    },
    "renderers/dom": {
      "version": "0.1.0",
      "dependencies": {
        "@lukekaalim/act-reconciler": "^1.0.0"
      },
      "devDependencies": {
        "@lukekaalim/act": "*"
      },
      "peerDependencies": {
        "@lukekaalim/act": "*"
      }
    },
    "renderers/html": {
      "name": "@lukekaalim/act-html",
      "version": "0.1.0",
      "dependencies": {
        "@lukekaalim/act-reconciler": "^1.0.0"
      },
      "devDependencies": {
        "@lukekaalim/act": "*"
      },
      "peerDependencies": {
        "@lukekaalim/act": "*"
      }
    }
  },
  "dependencies": {
    "@lukekaalim/act": {
      "version": "file:library"
    },
    "@lukekaalim/act-dom": {
      "version": "file:renderers/dom",
      "requires": {
        "@lukekaalim/act": "*",
        "@lukekaalim/act-reconciler": "^1.0.0"
      }
    },
    "@lukekaalim/act-html": {
      "version": "file:renderers/html",
      "requires": {
        "@lukekaalim/act": "*",
        "@lukekaalim/act-reconciler": "^1.0.0"
      }
    },
    "@lukekaalim/act-reconciler": {
      "version": "file:reconciler",
      "requires": {
        "@lukekaalim/act": "^1.0.0"
      }
    },
    "edge": {
      "version": "file:examples/edge",
      "requires": {
        "@lukekaalim/act": "*",
        "@lukekaalim/act-html": "*",
        "esbuild": "^0.11.20"
      }
    },
    "esbuild": {
      "version": "0.11.20",
      "dev": true
    },
    "slides": {
      "version": "file:examples/slides",
      "requires": {
        "@lukekaalim/act": "*",
        "@lukekaalim/act-html": "*",
        "esbuild": "^0.11.20"
      }
    },
    "web": {
      "version": "file:examples/web",
      "requires": {
        "@lukekaalim/act": "*",
        "@lukekaalim/act-html": "*",
        "esbuild": "^0.11.20"
      }
    }
  }
}
