{
  "name": "act",
  "lockfileVersion": 2,
  "requires": true,
  "packages": {
    "": {
      "workspaces": [
        "test",
        "library",
        "reconciler",
        "renderers/web",
        "renderers/three",
        "examples/edge",
        "examples/web",
        "examples/slides",
        "examples/components",
        "examples/renderers",
        "libraries/curve",
        "renderers/core"
      ],
      "devDependencies": {
        "flow-bin": "^0.158.0"
      }
    },
    "components/curve": {
      "name": "@lukekaalim/act-curve",
      "version": "0.1.0",
      "extraneous": true,
      "license": "MIT",
      "devDependencies": {
        "@lukekaalim/act": "*"
      },
      "peerDependencies": {
        "@lukekaalim/act": "^2.0.3"
      }
    },
    "examples/components": {
      "dependencies": {
        "@lukekaalim/act": "*",
        "@lukekaalim/act-curve": "*",
        "@lukekaalim/act-web": "*",
        "number-to-words": "1.2.4"
      },
      "devDependencies": {
        "esbuild": "^0.11.20"
      }
    },
    "examples/edge": {
      "dependencies": {
        "@lukekaalim/act": "*",
        "@lukekaalim/act-web": "*"
      },
      "devDependencies": {
        "esbuild": "^0.11.20"
      }
    },
    "examples/renderers": {
      "dependencies": {
        "@lukekaalim/act": "*",
        "@lukekaalim/act-curve": "^2.0.0",
        "@lukekaalim/act-three": "*",
        "@lukekaalim/act-web": "*",
        "three-nebula": "^10.0.2"
      },
      "devDependencies": {
        "esbuild": "^0.11.20"
      }
    },
    "examples/renderers/node_modules/@lukekaalim/act-three": {
      "version": "3.10.0",
      "resolved": "https://registry.npmjs.org/@lukekaalim/act-three/-/act-three-3.10.0.tgz",
      "integrity": "sha512-hz4la9MAHsr5ObkpyaKNgks2WaD8NL+omv6sTXY6hWRy+g50y6c3gf45EWIe9xJEHgwLtfJS+cPnOkkDybeZrQ==",
      "dependencies": {
        "@lukekaalim/act": "^2.2.0",
        "@lukekaalim/act-reconciler": "^2.0.4",
        "@lukekaalim/act-web": "^0.4.2"
      },
      "peerDependencies": {
        "three": "^0.130.0"
      }
    },
    "examples/renderers/node_modules/@lukekaalim/act-web": {
      "version": "0.4.6",
      "resolved": "https://registry.npmjs.org/@lukekaalim/act-web/-/act-web-0.4.6.tgz",
      "integrity": "sha512-6KpFafszUQ+VN5afborQmDkCvKTzFq+HADezptf7KvgIOVuSZtpAFqP6YhjJEXPRV339CXb3iU53nhLdr6+Lvg==",
      "dependencies": {
        "@lukekaalim/act-reconciler": "^2.0.5"
      },
      "peerDependencies": {
        "@lukekaalim/act": "^2.2.0"
      }
    },
    "examples/slides": {
      "version": "1.0.0",
      "license": "ISC",
      "dependencies": {
        "@lukekaalim/act": "*",
        "@lukekaalim/act-web": "*"
      },
      "devDependencies": {
        "esbuild": "^0.11.20"
      }
    },
    "examples/web": {
      "dependencies": {
        "@lukekaalim/act": "*",
        "@lukekaalim/act-web": "*"
      },
      "devDependencies": {
        "esbuild": "^0.11.20"
      }
    },
    "libraries/curve": {
      "name": "@lukekaalim/act-curve",
      "version": "2.0.0",
      "license": "MIT",
      "devDependencies": {
        "@lukekaalim/act": "*"
      },
      "peerDependencies": {
        "@lukekaalim/act": "^2.1.0"
      }
    },
    "library": {
      "name": "@lukekaalim/act",
      "version": "2.3.0",
      "license": "MIT"
    },
    "node_modules/@lukekaalim/act": {
      "resolved": "library",
      "link": true
    },
    "node_modules/@lukekaalim/act-curve": {
      "resolved": "libraries/curve",
      "link": true
    },
    "node_modules/@lukekaalim/act-reconciler": {
      "resolved": "reconciler",
      "link": true
    },
    "node_modules/@lukekaalim/act-renderer-core": {
      "resolved": "renderers/core",
      "link": true
    },
    "node_modules/@lukekaalim/act-three": {
      "resolved": "renderers/three",
      "link": true
    },
    "node_modules/@lukekaalim/act-web": {
      "resolved": "renderers/web",
      "link": true
    },
    "node_modules/@lukekaalim/test": {
      "version": "8.3.0",
      "resolved": "https://registry.npmjs.org/@lukekaalim/test/-/test-8.3.0.tgz",
      "integrity": "sha512-Z/duvQc/wxtshTou9l9Oh/7Mf8VV9dZK/DnBCaDHCns5q2ob46wnu5UC4P8rXMwVcOpE2Hkjc1dlIIUKm7wmEQ=="
    },
    "node_modules/components": {
      "resolved": "examples/components",
      "link": true
    },
    "node_modules/edge": {
      "resolved": "examples/edge",
      "link": true
    },
    "node_modules/esbuild": {
      "version": "0.11.23",
      "resolved": "https://registry.npmjs.org/esbuild/-/esbuild-0.11.23.tgz",
      "integrity": "sha512-iaiZZ9vUF5wJV8ob1tl+5aJTrwDczlvGP0JoMmnpC2B0ppiMCu8n8gmy5ZTGl5bcG081XBVn+U+jP+mPFm5T5Q==",
      "dev": true,
      "hasInstallScript": true,
      "bin": {
        "esbuild": "bin/esbuild"
      }
    },
    "node_modules/flow-bin": {
      "version": "0.158.0",
      "resolved": "https://registry.npmjs.org/flow-bin/-/flow-bin-0.158.0.tgz",
      "integrity": "sha512-Gk5md8XTwk/M+J5M+rFyS1LJfFen6ldY60jM9+meWixlKf4b0vwdoUO8R7oo471pze+GY+blrnskUeqLDxFJfg==",
      "dev": true,
      "bin": {
        "flow": "cli.js"
      },
      "engines": {
        "node": ">=0.10.0"
      }
    },
    "node_modules/lodash": {
      "version": "4.17.21",
      "resolved": "https://registry.npmjs.org/lodash/-/lodash-4.17.21.tgz",
      "integrity": "sha512-v2kDEe57lecTulaDIuNTPy3Ry4gLGJ6Z1O3vE1krgXZNrsQ+LFTGHVxVjcXPs17LhbZVGedAJv8XZ1tvj5FvSg=="
    },
    "node_modules/number-to-words": {
      "version": "1.2.4",
      "resolved": "https://registry.npmjs.org/number-to-words/-/number-to-words-1.2.4.tgz",
      "integrity": "sha512-/fYevVkXRcyBiZDg6yzZbm0RuaD6i0qRfn8yr+6D0KgBMOndFPxuW10qCHpzs50nN8qKuv78k8MuotZhcVX6Pw=="
    },
    "node_modules/potpack": {
      "version": "1.0.1",
      "resolved": "https://registry.npmjs.org/potpack/-/potpack-1.0.1.tgz",
      "integrity": "sha512-15vItUAbViaYrmaB/Pbw7z6qX2xENbFSTA7Ii4tgbPtasxm5v6ryKhKtL91tpWovDJzTiZqdwzhcFBCwiMVdVw=="
    },
    "node_modules/renderers": {
      "resolved": "examples/renderers",
      "link": true
    },
    "node_modules/slides": {
      "resolved": "examples/slides",
      "link": true
    },
    "node_modules/test": {
      "resolved": "test",
      "link": true
    },
    "node_modules/three": {
      "version": "0.130.1",
      "resolved": "https://registry.npmjs.org/three/-/three-0.130.1.tgz",
      "integrity": "sha512-OSPPKcGvFSiGkG3jFrwwC76PBV/ZSrGxpBbg28bW8s9GU8r/y2spNGtEXHEb/CVqo0Ctf5Lx2rVaxQZB6OasaA==",
      "peer": true
    },
    "node_modules/three-nebula": {
      "version": "10.0.2",
      "resolved": "https://registry.npmjs.org/three-nebula/-/three-nebula-10.0.2.tgz",
      "integrity": "sha512-mBL9pUu8yDJzviW/UyopYSIn7CzqzhPL5A766/agzm3ci1r1RHzhGLGrSkZiPDsClZ8a8NehKczSvoH7FtgjPA==",
      "dependencies": {
        "lodash": "^4.17.21",
        "potpack": "^1.0.1",
        "uuid": "^3.3.2"
      },
      "peerDependencies": {
        "three": ">=0.122.0 <1.0.0"
      }
    },
    "node_modules/uuid": {
      "version": "3.4.0",
      "resolved": "https://registry.npmjs.org/uuid/-/uuid-3.4.0.tgz",
      "integrity": "sha512-HjSDRw6gZE5JMggctHBcjVak08+KEVhSIiDzFnT9S9aegmp85S/bReBVTb4QTFaRNptJ9kuYaNhnbNEOkbKb/A==",
      "deprecated": "Please upgrade  to version 7 or higher.  Older versions may use Math.random() in certain circumstances, which is known to be problematic.  See https://v8.dev/blog/math-random for details.",
      "bin": {
        "uuid": "bin/uuid"
      }
    },
    "node_modules/web": {
      "resolved": "examples/web",
      "link": true
    },
    "reconciler": {
      "name": "@lukekaalim/act-reconciler",
      "version": "2.0.5",
      "license": "MIT",
      "devDependencies": {
        "@lukekaalim/act": "^2.2.0"
      },
      "peerDependencies": {
        "@lukekaalim/act": "^2.2.0"
      }
    },
    "renderers/core": {
      "name": "@lukekaalim/act-renderer-core",
      "version": "2.0.1",
      "license": "ISC",
      "dependencies": {
        "@lukekaalim/act": "^2.3.0",
        "@lukekaalim/act-reconciler": "^2.0.5"
      }
    },
    "renderers/dom": {
      "name": "@lukekaalim/act-web",
      "version": "0.1.0",
      "extraneous": true,
      "dependencies": {
        "@lukekaalim/act-reconciler": "^1.0.0"
      },
      "devDependencies": {
        "@lukekaalim/act": "*"
      },
      "peerDependencies": {
        "@lukekaalim/act": "*"
      }
    },
    "renderers/three": {
      "name": "@lukekaalim/act-three",
      "version": "4.0.0",
      "license": "ISC",
      "dependencies": {
        "@lukekaalim/act": "^2.2.0",
        "@lukekaalim/act-reconciler": "^2.0.4",
        "@lukekaalim/act-renderer-core": "^2.0.0",
        "@lukekaalim/act-web": "^1.0.0"
      },
      "peerDependencies": {
        "three": "^0.130.0"
      }
    },
    "renderers/web": {
      "name": "@lukekaalim/act-web",
      "version": "1.0.0",
      "dependencies": {
        "@lukekaalim/act-reconciler": "^2.0.5",
        "@lukekaalim/act-renderer-core": "^2.0.0"
      },
      "devDependencies": {
        "@lukekaalim/act": "*"
      },
      "peerDependencies": {
        "@lukekaalim/act": "^2.2.0"
      }
    },
    "test": {
      "dependencies": {
        "@lukekaalim/test": "^8.3.0"
      }
    }
  },
  "dependencies": {
    "@lukekaalim/act": {
      "version": "file:library"
    },
    "@lukekaalim/act-curve": {
      "version": "file:libraries/curve",
      "requires": {
        "@lukekaalim/act": "*"
      }
    },
    "@lukekaalim/act-reconciler": {
      "version": "file:reconciler",
      "requires": {
        "@lukekaalim/act": "^2.2.0"
      }
    },
    "@lukekaalim/act-renderer-core": {
      "version": "file:renderers/core",
      "requires": {
        "@lukekaalim/act": "^2.3.0",
        "@lukekaalim/act-reconciler": "^2.0.5"
      }
    },
    "@lukekaalim/act-three": {
      "version": "file:renderers/three",
      "requires": {
        "@lukekaalim/act": "^2.2.0",
        "@lukekaalim/act-reconciler": "^2.0.4",
        "@lukekaalim/act-renderer-core": "^2.0.0",
        "@lukekaalim/act-web": "^1.0.0"
      }
    },
    "@lukekaalim/act-web": {
      "version": "file:renderers/web",
      "requires": {
        "@lukekaalim/act": "*",
        "@lukekaalim/act-reconciler": "^2.0.5",
        "@lukekaalim/act-renderer-core": "^2.0.0"
      }
    },
    "@lukekaalim/test": {
      "version": "8.3.0",
      "resolved": "https://registry.npmjs.org/@lukekaalim/test/-/test-8.3.0.tgz",
      "integrity": "sha512-Z/duvQc/wxtshTou9l9Oh/7Mf8VV9dZK/DnBCaDHCns5q2ob46wnu5UC4P8rXMwVcOpE2Hkjc1dlIIUKm7wmEQ=="
    },
    "components": {
      "version": "file:examples/components",
      "requires": {
        "@lukekaalim/act": "*",
        "@lukekaalim/act-curve": "*",
        "@lukekaalim/act-web": "*",
        "esbuild": "^0.11.20",
        "number-to-words": "1.2.4"
      }
    },
    "edge": {
      "version": "file:examples/edge",
      "requires": {
        "@lukekaalim/act": "*",
        "@lukekaalim/act-web": "*",
        "esbuild": "^0.11.20"
      }
    },
    "esbuild": {
      "version": "0.11.23",
      "resolved": "https://registry.npmjs.org/esbuild/-/esbuild-0.11.23.tgz",
      "integrity": "sha512-iaiZZ9vUF5wJV8ob1tl+5aJTrwDczlvGP0JoMmnpC2B0ppiMCu8n8gmy5ZTGl5bcG081XBVn+U+jP+mPFm5T5Q==",
      "dev": true
    },
    "flow-bin": {
      "version": "0.158.0",
      "resolved": "https://registry.npmjs.org/flow-bin/-/flow-bin-0.158.0.tgz",
      "integrity": "sha512-Gk5md8XTwk/M+J5M+rFyS1LJfFen6ldY60jM9+meWixlKf4b0vwdoUO8R7oo471pze+GY+blrnskUeqLDxFJfg==",
      "dev": true
    },
    "lodash": {
      "version": "4.17.21",
      "resolved": "https://registry.npmjs.org/lodash/-/lodash-4.17.21.tgz",
      "integrity": "sha512-v2kDEe57lecTulaDIuNTPy3Ry4gLGJ6Z1O3vE1krgXZNrsQ+LFTGHVxVjcXPs17LhbZVGedAJv8XZ1tvj5FvSg=="
    },
    "number-to-words": {
      "version": "1.2.4",
      "resolved": "https://registry.npmjs.org/number-to-words/-/number-to-words-1.2.4.tgz",
      "integrity": "sha512-/fYevVkXRcyBiZDg6yzZbm0RuaD6i0qRfn8yr+6D0KgBMOndFPxuW10qCHpzs50nN8qKuv78k8MuotZhcVX6Pw=="
    },
    "potpack": {
      "version": "1.0.1",
      "resolved": "https://registry.npmjs.org/potpack/-/potpack-1.0.1.tgz",
      "integrity": "sha512-15vItUAbViaYrmaB/Pbw7z6qX2xENbFSTA7Ii4tgbPtasxm5v6ryKhKtL91tpWovDJzTiZqdwzhcFBCwiMVdVw=="
    },
    "renderers": {
      "version": "file:examples/renderers",
      "requires": {
        "@lukekaalim/act": "*",
        "@lukekaalim/act-curve": "^2.0.0",
        "@lukekaalim/act-three": "*",
        "@lukekaalim/act-web": "*",
        "esbuild": "^0.11.20",
        "three-nebula": "^10.0.2"
      },
      "dependencies": {
        "@lukekaalim/act-three": {
          "version": "3.10.0",
          "resolved": "https://registry.npmjs.org/@lukekaalim/act-three/-/act-three-3.10.0.tgz",
          "integrity": "sha512-hz4la9MAHsr5ObkpyaKNgks2WaD8NL+omv6sTXY6hWRy+g50y6c3gf45EWIe9xJEHgwLtfJS+cPnOkkDybeZrQ==",
          "requires": {
            "@lukekaalim/act": "^2.2.0",
            "@lukekaalim/act-reconciler": "^2.0.4",
            "@lukekaalim/act-web": "^0.4.2"
          }
        },
        "@lukekaalim/act-web": {
          "version": "0.4.6",
          "resolved": "https://registry.npmjs.org/@lukekaalim/act-web/-/act-web-0.4.6.tgz",
          "integrity": "sha512-6KpFafszUQ+VN5afborQmDkCvKTzFq+HADezptf7KvgIOVuSZtpAFqP6YhjJEXPRV339CXb3iU53nhLdr6+Lvg==",
          "requires": {
            "@lukekaalim/act-reconciler": "^2.0.5"
          }
        }
      }
    },
    "slides": {
      "version": "file:examples/slides",
      "requires": {
        "@lukekaalim/act": "*",
        "@lukekaalim/act-web": "*",
        "esbuild": "^0.11.20"
      }
    },
    "test": {
      "version": "file:test",
      "requires": {
        "@lukekaalim/test": "^8.3.0"
      }
    },
    "three": {
      "version": "0.130.1",
      "resolved": "https://registry.npmjs.org/three/-/three-0.130.1.tgz",
      "integrity": "sha512-OSPPKcGvFSiGkG3jFrwwC76PBV/ZSrGxpBbg28bW8s9GU8r/y2spNGtEXHEb/CVqo0Ctf5Lx2rVaxQZB6OasaA==",
      "peer": true
    },
    "three-nebula": {
      "version": "10.0.2",
      "resolved": "https://registry.npmjs.org/three-nebula/-/three-nebula-10.0.2.tgz",
      "integrity": "sha512-mBL9pUu8yDJzviW/UyopYSIn7CzqzhPL5A766/agzm3ci1r1RHzhGLGrSkZiPDsClZ8a8NehKczSvoH7FtgjPA==",
      "requires": {
        "lodash": "^4.17.21",
        "potpack": "^1.0.1",
        "uuid": "^3.3.2"
      }
    },
    "uuid": {
      "version": "3.4.0",
      "resolved": "https://registry.npmjs.org/uuid/-/uuid-3.4.0.tgz",
      "integrity": "sha512-HjSDRw6gZE5JMggctHBcjVak08+KEVhSIiDzFnT9S9aegmp85S/bReBVTb4QTFaRNptJ9kuYaNhnbNEOkbKb/A=="
    },
    "web": {
      "version": "file:examples/web",
      "requires": {
        "@lukekaalim/act": "*",
        "@lukekaalim/act-web": "*",
        "esbuild": "^0.11.20"
      }
    }
  }
}
